
Microsoft Visual Studio Solution File, Format Version 12.00
# Visual Studio 15
VisualStudioVersion = 15.0.27428.2043
MinimumVisualStudioVersion = 10.0.40219.1
Project("{FAE04EC0-301F-11D3-BF4B-00C04F79EFBC}") = "BackgroundSteps", "BackgroundSteps\BackgroundSteps.csproj", "{9B2EADA1-9B0C-4BD2-A36F-FABED2C513E5}"
EndProject
Project("{FAE04EC0-301F-11D3-BF4B-00C04F79EFBC}") = "CalculatorApplication", "Calculator\Calculator\CalculatorApplication.csproj", "{1E351F32-FE9D-4B9A-A983-F6AB74E42DC6}"
EndProject
Project("{2150E333-8FDC-42A3-9474-1A3956D46DE8}") = ".build", ".build", "{BE7D91D9-1438-4834-9F13-7E15F58DB404}"
	ProjectSection(SolutionItems) = preProject
		.build\build.ps1 = .build\build.ps1
	EndProjectSection
EndProject
Project("{2150E333-8FDC-42A3-9474-1A3956D46DE8}") = "tasks", "tasks", "{3C074DC3-1159-4BAC-A994-E2252E5138E5}"
EndProject
Project("{2150E333-8FDC-42A3-9474-1A3956D46DE8}") = "scripts", "scripts", "{64DE2C85-48C6-427F-BB35-9B0DED74509B}"
EndProject
Global
	GlobalSection(SolutionConfigurationPlatforms) = preSolution
		Debug|Any CPU = Debug|Any CPU
		Debug|x86 = Debug|x86
		Release|Any CPU = Release|Any CPU
		Release|x86 = Release|x86
	EndGlobalSection
	GlobalSection(ProjectConfigurationPlatforms) = postSolution
		{9B2EADA1-9B0C-4BD2-A36F-FABED2C513E5}.Debug|Any CPU.ActiveCfg = Debug|Any CPU
		{9B2EADA1-9B0C-4BD2-A36F-FABED2C513E5}.Debug|Any CPU.Build.0 = Debug|Any CPU
		{9B2EADA1-9B0C-4BD2-A36F-FABED2C513E5}.Debug|x86.ActiveCfg = Debug|x86
		{9B2EADA1-9B0C-4BD2-A36F-FABED2C513E5}.Debug|x86.Build.0 = Debug|x86
		{9B2EADA1-9B0C-4BD2-A36F-FABED2C513E5}.Release|Any CPU.ActiveCfg = Release|Any CPU
		{9B2EADA1-9B0C-4BD2-A36F-FABED2C513E5}.Release|Any CPU.Build.0 = Release|Any CPU
		{9B2EADA1-9B0C-4BD2-A36F-FABED2C513E5}.Release|x86.ActiveCfg = Release|x86
		{9B2EADA1-9B0C-4BD2-A36F-FABED2C513E5}.Release|x86.Build.0 = Release|x86
		{1E351F32-FE9D-4B9A-A983-F6AB74E42DC6}.Debug|Any CPU.ActiveCfg = Debug|Any CPU
		{1E351F32-FE9D-4B9A-A983-F6AB74E42DC6}.Debug|Any CPU.Build.0 = Debug|Any CPU
		{1E351F32-FE9D-4B9A-A983-F6AB74E42DC6}.Debug|x86.ActiveCfg = Debug|x86
		{1E351F32-FE9D-4B9A-A983-F6AB74E42DC6}.Debug|x86.Build.0 = Debug|x86
		{1E351F32-FE9D-4B9A-A983-F6AB74E42DC6}.Release|Any CPU.ActiveCfg = Release|Any CPU
		{1E351F32-FE9D-4B9A-A983-F6AB74E42DC6}.Release|Any CPU.Build.0 = Release|Any CPU
		{1E351F32-FE9D-4B9A-A983-F6AB74E42DC6}.Release|x86.ActiveCfg = Release|x86
		{1E351F32-FE9D-4B9A-A983-F6AB74E42DC6}.Release|x86.Build.0 = Release|x86
	EndGlobalSection
	GlobalSection(SolutionProperties) = preSolution
		HideSolutionNode = FALSE
	EndGlobalSection
	GlobalSection(NestedProjects) = preSolution
		{3C074DC3-1159-4BAC-A994-E2252E5138E5} = {BE7D91D9-1438-4834-9F13-7E15F58DB404}
		{64DE2C85-48C6-427F-BB35-9B0DED74509B} = {BE7D91D9-1438-4834-9F13-7E15F58DB404}
	EndGlobalSection
	GlobalSection(ExtensibilityGlobals) = postSolution
		SolutionGuid = {D9D15DF6-0EE7-4C3B-971F-98C862B2701D}
	EndGlobalSection
EndGlobal
